
Microsoft Visual Studio Solution File, Format Version 12.00
# Visual Studio Version 17
VisualStudioVersion = 17.2.32630.192
MinimumVisualStudioVersion = 10.0.40219.1
Project("{9A19103F-16F7-4668-BE54-9A1E7A4F7556}") = "R5T.L0098.Construction", "R5T.L0098.Construction\R5T.L0098.Construction.csproj", "{11BFF7ED-C95D-4D3A-98CD-33922ADBA5EC}"
EndProject
Project("{9A19103F-16F7-4668-BE54-9A1E7A4F7556}") = "R5T.L0098", "R5T.L0098\R5T.L0098.csproj", "{37EF2B59-E70D-4D4A-9C0A-A0B8BF6F39DC}"
EndProject
Project("{9A19103F-16F7-4668-BE54-9A1E7A4F7556}") = "R5T.L0098.L001", "R5T.L0098.L001\R5T.L0098.L001.csproj", "{692A51F9-3954-4688-ACA0-008CC8754EB8}"
EndProject
Project("{2150E333-8FDC-42A3-9474-1A3956D46DE8}") = "_Dependencies", "_Dependencies", "{5BDCCE99-64F6-426B-A6EB-C3CDCE9B4EBF}"
EndProject
Project("{9A19103F-16F7-4668-BE54-9A1E7A4F7556}") = "R5T.F0000", "..\..\R5T.F0000\source\R5T.F0000\R5T.F0000.csproj", "{8EDF9113-1779-4F59-95E0-81078BD38474}"
EndProject
Project("{9A19103F-16F7-4668-BE54-9A1E7A4F7556}") = "R5T.F0002", "..\..\R5T.F0002\source\R5T.F0002\R5T.F0002.csproj", "{15911D03-83DB-44CE-893D-4646F99477AA}"
EndProject
Project("{9A19103F-16F7-4668-BE54-9A1E7A4F7556}") = "R5T.F0059", "..\..\R5T.F0059\source\R5T.F0059\R5T.F0059.csproj", "{8000B477-825A-4A99-960C-E8CE483FF6EF}"
EndProject
Project("{9A19103F-16F7-4668-BE54-9A1E7A4F7556}") = "R5T.F0120", "..\..\R5T.F0120\source\R5T.F0120\R5T.F0120.csproj", "{AD56E48E-8544-4DDF-BF35-90C0E782FFB8}"
EndProject
Project("{9A19103F-16F7-4668-BE54-9A1E7A4F7556}") = "R5T.F0124", "..\..\R5T.F0124\source\R5T.F0124\R5T.F0124.csproj", "{EA7E30B5-D73F-4994-9896-F40362FC061A}"
EndProject
Project("{9A19103F-16F7-4668-BE54-9A1E7A4F7556}") = "R5T.F0125", "..\..\R5T.F0125\source\R5T.F0125\R5T.F0125.csproj", "{D7FC8ED1-B642-415F-A57D-800BC85EC5BB}"
EndProject
Project("{9A19103F-16F7-4668-BE54-9A1E7A4F7556}") = "R5T.L0030.T000", "..\..\R5T.L0030\source\R5T.L0030.T000\R5T.L0030.T000.csproj", "{F8B5E38E-C682-421A-A1E5-054669AA8DF8}"
EndProject
Project("{9A19103F-16F7-4668-BE54-9A1E7A4F7556}") = "R5T.L0030", "..\..\R5T.L0030\source\R5T.L0030\R5T.L0030.csproj", "{9B047B3A-C33C-4786-B4C6-BADB58321159}"
EndProject
Project("{9A19103F-16F7-4668-BE54-9A1E7A4F7556}") = "R5T.L0034", "..\..\R5T.L0034\source\R5T.L0034\R5T.L0034.csproj", "{73C4A0D1-FA83-47D1-8AFE-F30A8D959AD6}"
EndProject
Project("{9A19103F-16F7-4668-BE54-9A1E7A4F7556}") = "R5T.L0035", "..\..\R5T.L0035\source\R5T.L0035\R5T.L0035.csproj", "{019BC42B-77DD-4385-A539-2D2F1CE82167}"
EndProject
Project("{9A19103F-16F7-4668-BE54-9A1E7A4F7556}") = "R5T.L0053", "..\..\R5T.L0053\source\R5T.L0053\R5T.L0053.csproj", "{B7185188-091F-4A17-BA75-9D1A43F99074}"
EndProject
Project("{9A19103F-16F7-4668-BE54-9A1E7A4F7556}") = "R5T.L0056", "..\..\R5T.L0056\source\R5T.L0056\R5T.L0056.csproj", "{D751ED3E-7EDC-41D5-8A21-884A75328D66}"
EndProject
Project("{9A19103F-16F7-4668-BE54-9A1E7A4F7556}") = "R5T.L0066", "..\..\R5T.L0066\source\R5T.L0066\R5T.L0066.csproj", "{9AD587E6-A532-4E23-850C-968FFDB6AF0C}"
EndProject
Project("{9A19103F-16F7-4668-BE54-9A1E7A4F7556}") = "R5T.L0071", "..\..\R5T.L0071\source\R5T.L0071\R5T.L0071.csproj", "{A3ADB764-58AA-4F8E-B948-4BE225659E90}"
EndProject
Project("{9A19103F-16F7-4668-BE54-9A1E7A4F7556}") = "R5T.L0074", "..\..\R5T.L0074\source\R5T.L0074\R5T.L0074.csproj", "{4D26EEC3-EFF8-4133-8012-502A8F775FDB}"
EndProject
Project("{9A19103F-16F7-4668-BE54-9A1E7A4F7556}") = "R5T.L0089.F000", "..\..\R5T.L0089\source\R5T.L0089.F000\R5T.L0089.F000.csproj", "{02B04C5E-8F0E-4A69-A7EB-E682B5B8408E}"
EndProject
Project("{9A19103F-16F7-4668-BE54-9A1E7A4F7556}") = "R5T.L0089.T000", "..\..\R5T.L0089\source\R5T.L0089.T000\R5T.L0089.T000.csproj", "{6265C2D3-DCB7-4691-ACF1-005AE5B81138}"
EndProject
Project("{9A19103F-16F7-4668-BE54-9A1E7A4F7556}") = "R5T.L0089", "..\..\R5T.L0089\source\R5T.L0089\R5T.L0089.csproj", "{19236A69-63A3-4C2D-B2B4-34C3F3DF6ED1}"
EndProject
Project("{9A19103F-16F7-4668-BE54-9A1E7A4F7556}") = "R5T.NG0006", "..\..\R5T.NG0006\source\R5T.NG0006\R5T.NG0006.csproj", "{9795C7C7-5BC1-4586-A061-00ADB93D4737}"
EndProject
Project("{9A19103F-16F7-4668-BE54-9A1E7A4F7556}") = "R5T.NG0022", "..\..\R5T.NG0022\source\R5T.NG0022\R5T.NG0022.csproj", "{644ADC2B-CAC4-4B0D-90C9-32E8C1DC71BD}"
EndProject
Project("{9A19103F-16F7-4668-BE54-9A1E7A4F7556}") = "R5T.T0131", "..\..\R5T.T0131\source\R5T.T0131\R5T.T0131.csproj", "{23DA527B-EBB1-4EAB-A1B6-8D7FC57605D3}"
EndProject
Project("{9A19103F-16F7-4668-BE54-9A1E7A4F7556}") = "R5T.T0132", "..\..\R5T.T0132\source\R5T.T0132\R5T.T0132.csproj", "{24A775CA-970E-424F-9750-B4FD16700985}"
EndProject
Project("{9A19103F-16F7-4668-BE54-9A1E7A4F7556}") = "R5T.T0142", "..\..\R5T.T0142\source\R5T.T0142\R5T.T0142.csproj", "{A247CC84-D78E-4282-9165-657958150862}"
EndProject
Project("{9A19103F-16F7-4668-BE54-9A1E7A4F7556}") = "R5T.T0143", "..\..\R5T.T0143\source\R5T.T0143\R5T.T0143.csproj", "{C922734A-7F80-4086-B8C2-F5771C31858C}"
EndProject
Project("{9A19103F-16F7-4668-BE54-9A1E7A4F7556}") = "R5T.T0150", "..\..\R5T.T0150\source\R5T.T0150\R5T.T0150.csproj", "{B697EEEB-3427-4363-90C6-C40740BF0F85}"
EndProject
Project("{9A19103F-16F7-4668-BE54-9A1E7A4F7556}") = "R5T.T0151", "..\..\R5T.T0151\source\R5T.T0151\R5T.T0151.csproj", "{2EE6DF97-CA36-4470-BCC8-26A756E9BAA5}"
EndProject
Project("{9A19103F-16F7-4668-BE54-9A1E7A4F7556}") = "R5T.T0156", "..\..\R5T.T0156\source\R5T.T0156\R5T.T0156.csproj", "{E56FCA87-F19D-4882-9EBB-3467B9A94887}"
EndProject
Project("{9A19103F-16F7-4668-BE54-9A1E7A4F7556}") = "R5T.T0158", "..\..\R5T.T0158\source\R5T.T0158\R5T.T0158.csproj", "{760D05F3-B0D3-41D7-B34F-7C624F6A1CBA}"
EndProject
Project("{9A19103F-16F7-4668-BE54-9A1E7A4F7556}") = "R5T.T0159", "..\..\R5T.T0159\source\R5T.T0159\R5T.T0159.csproj", "{716254F9-7664-42F2-A942-573819076A00}"
EndProject
Project("{9A19103F-16F7-4668-BE54-9A1E7A4F7556}") = "R5T.T0172", "..\..\R5T.T0172\source\R5T.T0172\R5T.T0172.csproj", "{49D7A11C-CCD7-4ABB-9A53-7CFCB4A08FF4}"
EndProject
Project("{9A19103F-16F7-4668-BE54-9A1E7A4F7556}") = "R5T.T0174", "..\..\R5T.T0174\source\R5T.T0174\R5T.T0174.csproj", "{CA65E50F-7179-4263-81EE-F9E31E710AE8}"
EndProject
Project("{9A19103F-16F7-4668-BE54-9A1E7A4F7556}") = "R5T.T0176", "..\..\R5T.T0176\source\R5T.T0176\R5T.T0176.csproj", "{8A39A10F-9CBF-48BF-92F4-D483F86B791A}"
EndProject
Project("{9A19103F-16F7-4668-BE54-9A1E7A4F7556}") = "R5T.T0177", "..\..\R5T.T0177\source\R5T.T0177\R5T.T0177.csproj", "{18D6A97E-BC98-4C3A-9AD7-CF7092F1C5B7}"
EndProject
Project("{9A19103F-16F7-4668-BE54-9A1E7A4F7556}") = "R5T.T0178", "..\..\R5T.T0178\source\R5T.T0178\R5T.T0178.csproj", "{12BD78D7-7565-466D-9D7F-8E885FE85FA9}"
EndProject
Project("{9A19103F-16F7-4668-BE54-9A1E7A4F7556}") = "R5T.T0179", "..\..\R5T.T0179\source\R5T.T0179\R5T.T0179.csproj", "{A6B823F3-1C32-4B05-AD97-4AD0164A3BE5}"
EndProject
Project("{9A19103F-16F7-4668-BE54-9A1E7A4F7556}") = "R5T.T0180", "..\..\R5T.T0180\source\R5T.T0180\R5T.T0180.csproj", "{984F94C4-D469-4820-9824-E854283880A3}"
EndProject
Project("{9A19103F-16F7-4668-BE54-9A1E7A4F7556}") = "R5T.T0181", "..\..\R5T.T0181\source\R5T.T0181\R5T.T0181.csproj", "{390BA8FA-04D0-4F34-B569-ED858E58E875}"
EndProject
Project("{9A19103F-16F7-4668-BE54-9A1E7A4F7556}") = "R5T.T0185", "..\..\R5T.T0185\source\R5T.T0185\R5T.T0185.csproj", "{FF04D166-D1C4-4C7D-9732-8FB483C154D5}"
EndProject
Project("{9A19103F-16F7-4668-BE54-9A1E7A4F7556}") = "R5T.T0199.T000", "..\..\R5T.T0199\source\R5T.T0199.T000\R5T.T0199.T000.csproj", "{7F91FFC9-37B5-4589-B838-59D79FBD1E7E}"
EndProject
Project("{9A19103F-16F7-4668-BE54-9A1E7A4F7556}") = "R5T.T0199.T001", "..\..\R5T.T0199\source\R5T.T0199.T001\R5T.T0199.T001.csproj", "{09168793-0E75-4E12-9E7A-3CFF88643882}"
EndProject
Project("{9A19103F-16F7-4668-BE54-9A1E7A4F7556}") = "R5T.T0199", "..\..\R5T.T0199\source\R5T.T0199\R5T.T0199.csproj", "{451335CC-02E1-4A5F-B40B-A410515990BC}"
EndProject
Project("{9A19103F-16F7-4668-BE54-9A1E7A4F7556}") = "R5T.T0203", "..\..\R5T.T0203\source\R5T.T0203\R5T.T0203.csproj", "{B27ECF90-DC36-4D61-9DE2-8844545FC652}"
EndProject
Project("{9A19103F-16F7-4668-BE54-9A1E7A4F7556}") = "R5T.T0213", "..\..\R5T.T0213\source\R5T.T0213\R5T.T0213.csproj", "{4A6DE972-1352-446D-A4F5-EEE4B064C298}"
EndProject
Project("{9A19103F-16F7-4668-BE54-9A1E7A4F7556}") = "R5T.T0218", "..\..\R5T.T0218\source\R5T.T0218\R5T.T0218.csproj", "{6C424C93-3E04-4BF2-B80D-A5B6EC265034}"
EndProject
Project("{9A19103F-16F7-4668-BE54-9A1E7A4F7556}") = "R5T.T0219", "..\..\R5T.T0219\source\R5T.T0219\R5T.T0219.csproj", "{DAA1386B-5DCB-4A7B-B5F6-D64FB1037A57}"
EndProject
Project("{9A19103F-16F7-4668-BE54-9A1E7A4F7556}") = "R5T.T0220", "..\..\R5T.T0220\source\R5T.T0220\R5T.T0220.csproj", "{5CC8545B-8624-42D7-A4D2-6764AC703937}"
EndProject
Project("{9A19103F-16F7-4668-BE54-9A1E7A4F7556}") = "R5T.T0221", "..\..\R5T.T0221\source\R5T.T0221\R5T.T0221.csproj", "{71B2F95E-BA85-481F-8408-7AB41974526F}"
EndProject
Project("{9A19103F-16F7-4668-BE54-9A1E7A4F7556}") = "R5T.T0227", "..\..\R5T.T0227\source\R5T.T0227\R5T.T0227.csproj", "{3E150833-EE25-4490-9002-825EDBA5CD38}"
EndProject
Project("{9A19103F-16F7-4668-BE54-9A1E7A4F7556}") = "R5T.T0241", "..\..\R5T.T0241\source\R5T.T0241\R5T.T0241.csproj", "{AE55B31A-1BCE-42C7-98D9-1F463FCE6DC5}"
EndProject
Project("{9A19103F-16F7-4668-BE54-9A1E7A4F7556}") = "R5T.Y0000", "..\..\R5T.Y0000\source\R5T.Y0000\R5T.Y0000.csproj", "{479C0404-1509-460E-8CEC-D073DD9F77A1}"
EndProject
Project("{9A19103F-16F7-4668-BE54-9A1E7A4F7556}") = "R5T.Y0006", "..\..\R5T.Y0006\source\R5T.Y0006\R5T.Y0006.csproj", "{5F2A2172-9C11-40B2-922C-DCA8D55BF3E7}"
EndProject
Project("{9A19103F-16F7-4668-BE54-9A1E7A4F7556}") = "R5T.Z0000", "..\..\R5T.Z0000\source\R5T.Z0000\R5T.Z0000.csproj", "{555CCDCC-F608-4E4C-8581-D67A31AAB833}"
EndProject
Project("{9A19103F-16F7-4668-BE54-9A1E7A4F7556}") = "R5T.Z0010.Platform", "..\..\R5T.Z0010\source\R5T.Z0010.Platform\R5T.Z0010.Platform.csproj", "{8BAE5FBE-52B2-4562-9B0D-4AD8F8FDD248}"
EndProject
Project("{9A19103F-16F7-4668-BE54-9A1E7A4F7556}") = "R5T.Z0010", "..\..\R5T.Z0010\source\R5T.Z0010\R5T.Z0010.csproj", "{85DB96E7-6ACC-4EDF-B091-FCD6F6800590}"
EndProject
Project("{9A19103F-16F7-4668-BE54-9A1E7A4F7556}") = "R5T.Z0057.Platform", "..\..\R5T.Z0057\source\R5T.Z0057.Platform\R5T.Z0057.Platform.csproj", "{EBBD40CE-60F8-4A7F-A307-11BFB5295909}"
EndProject
Project("{9A19103F-16F7-4668-BE54-9A1E7A4F7556}") = "R5T.Z0057", "..\..\R5T.Z0057\source\R5T.Z0057\R5T.Z0057.csproj", "{60FFB377-450C-4F89-BF7F-A53B789EE339}"
EndProject
Project("{9A19103F-16F7-4668-BE54-9A1E7A4F7556}") = "R5T.Z0058", "..\..\R5T.Z0058\source\R5T.Z0058\R5T.Z0058.csproj", "{8F95B783-D50E-40B8-B47E-CBB85ED4E20A}"
EndProject
Project("{9A19103F-16F7-4668-BE54-9A1E7A4F7556}") = "R5T.L0098.L002", "R5T.L0098.L002\R5T.L0098.L002.csproj", "{D6FDEAE0-1372-4FF0-966C-25DFCD4463E3}"
EndProject
Global
	GlobalSection(NestedProjects) = preSolution
		{8EDF9113-1779-4F59-95E0-81078BD38474} = {5BDCCE99-64F6-426B-A6EB-C3CDCE9B4EBF}
		{15911D03-83DB-44CE-893D-4646F99477AA} = {5BDCCE99-64F6-426B-A6EB-C3CDCE9B4EBF}
		{8000B477-825A-4A99-960C-E8CE483FF6EF} = {5BDCCE99-64F6-426B-A6EB-C3CDCE9B4EBF}
		{AD56E48E-8544-4DDF-BF35-90C0E782FFB8} = {5BDCCE99-64F6-426B-A6EB-C3CDCE9B4EBF}
		{EA7E30B5-D73F-4994-9896-F40362FC061A} = {5BDCCE99-64F6-426B-A6EB-C3CDCE9B4EBF}
		{D7FC8ED1-B642-415F-A57D-800BC85EC5BB} = {5BDCCE99-64F6-426B-A6EB-C3CDCE9B4EBF}
		{F8B5E38E-C682-421A-A1E5-054669AA8DF8} = {5BDCCE99-64F6-426B-A6EB-C3CDCE9B4EBF}
		{9B047B3A-C33C-4786-B4C6-BADB58321159} = {5BDCCE99-64F6-426B-A6EB-C3CDCE9B4EBF}
		{73C4A0D1-FA83-47D1-8AFE-F30A8D959AD6} = {5BDCCE99-64F6-426B-A6EB-C3CDCE9B4EBF}
		{019BC42B-77DD-4385-A539-2D2F1CE82167} = {5BDCCE99-64F6-426B-A6EB-C3CDCE9B4EBF}
		{B7185188-091F-4A17-BA75-9D1A43F99074} = {5BDCCE99-64F6-426B-A6EB-C3CDCE9B4EBF}
		{D751ED3E-7EDC-41D5-8A21-884A75328D66} = {5BDCCE99-64F6-426B-A6EB-C3CDCE9B4EBF}
		{9AD587E6-A532-4E23-850C-968FFDB6AF0C} = {5BDCCE99-64F6-426B-A6EB-C3CDCE9B4EBF}
		{A3ADB764-58AA-4F8E-B948-4BE225659E90} = {5BDCCE99-64F6-426B-A6EB-C3CDCE9B4EBF}
		{4D26EEC3-EFF8-4133-8012-502A8F775FDB} = {5BDCCE99-64F6-426B-A6EB-C3CDCE9B4EBF}
		{02B04C5E-8F0E-4A69-A7EB-E682B5B8408E} = {5BDCCE99-64F6-426B-A6EB-C3CDCE9B4EBF}
		{6265C2D3-DCB7-4691-ACF1-005AE5B81138} = {5BDCCE99-64F6-426B-A6EB-C3CDCE9B4EBF}
		{19236A69-63A3-4C2D-B2B4-34C3F3DF6ED1} = {5BDCCE99-64F6-426B-A6EB-C3CDCE9B4EBF}
		{9795C7C7-5BC1-4586-A061-00ADB93D4737} = {5BDCCE99-64F6-426B-A6EB-C3CDCE9B4EBF}
		{644ADC2B-CAC4-4B0D-90C9-32E8C1DC71BD} = {5BDCCE99-64F6-426B-A6EB-C3CDCE9B4EBF}
		{23DA527B-EBB1-4EAB-A1B6-8D7FC57605D3} = {5BDCCE99-64F6-426B-A6EB-C3CDCE9B4EBF}
		{24A775CA-970E-424F-9750-B4FD16700985} = {5BDCCE99-64F6-426B-A6EB-C3CDCE9B4EBF}
		{A247CC84-D78E-4282-9165-657958150862} = {5BDCCE99-64F6-426B-A6EB-C3CDCE9B4EBF}
		{C922734A-7F80-4086-B8C2-F5771C31858C} = {5BDCCE99-64F6-426B-A6EB-C3CDCE9B4EBF}
		{B697EEEB-3427-4363-90C6-C40740BF0F85} = {5BDCCE99-64F6-426B-A6EB-C3CDCE9B4EBF}
		{2EE6DF97-CA36-4470-BCC8-26A756E9BAA5} = {5BDCCE99-64F6-426B-A6EB-C3CDCE9B4EBF}
		{E56FCA87-F19D-4882-9EBB-3467B9A94887} = {5BDCCE99-64F6-426B-A6EB-C3CDCE9B4EBF}
		{760D05F3-B0D3-41D7-B34F-7C624F6A1CBA} = {5BDCCE99-64F6-426B-A6EB-C3CDCE9B4EBF}
		{716254F9-7664-42F2-A942-573819076A00} = {5BDCCE99-64F6-426B-A6EB-C3CDCE9B4EBF}
		{49D7A11C-CCD7-4ABB-9A53-7CFCB4A08FF4} = {5BDCCE99-64F6-426B-A6EB-C3CDCE9B4EBF}
		{CA65E50F-7179-4263-81EE-F9E31E710AE8} = {5BDCCE99-64F6-426B-A6EB-C3CDCE9B4EBF}
		{8A39A10F-9CBF-48BF-92F4-D483F86B791A} = {5BDCCE99-64F6-426B-A6EB-C3CDCE9B4EBF}
		{18D6A97E-BC98-4C3A-9AD7-CF7092F1C5B7} = {5BDCCE99-64F6-426B-A6EB-C3CDCE9B4EBF}
		{12BD78D7-7565-466D-9D7F-8E885FE85FA9} = {5BDCCE99-64F6-426B-A6EB-C3CDCE9B4EBF}
		{A6B823F3-1C32-4B05-AD97-4AD0164A3BE5} = {5BDCCE99-64F6-426B-A6EB-C3CDCE9B4EBF}
		{984F94C4-D469-4820-9824-E854283880A3} = {5BDCCE99-64F6-426B-A6EB-C3CDCE9B4EBF}
		{390BA8FA-04D0-4F34-B569-ED858E58E875} = {5BDCCE99-64F6-426B-A6EB-C3CDCE9B4EBF}
		{FF04D166-D1C4-4C7D-9732-8FB483C154D5} = {5BDCCE99-64F6-426B-A6EB-C3CDCE9B4EBF}
		{7F91FFC9-37B5-4589-B838-59D79FBD1E7E} = {5BDCCE99-64F6-426B-A6EB-C3CDCE9B4EBF}
		{09168793-0E75-4E12-9E7A-3CFF88643882} = {5BDCCE99-64F6-426B-A6EB-C3CDCE9B4EBF}
		{451335CC-02E1-4A5F-B40B-A410515990BC} = {5BDCCE99-64F6-426B-A6EB-C3CDCE9B4EBF}
		{B27ECF90-DC36-4D61-9DE2-8844545FC652} = {5BDCCE99-64F6-426B-A6EB-C3CDCE9B4EBF}
		{4A6DE972-1352-446D-A4F5-EEE4B064C298} = {5BDCCE99-64F6-426B-A6EB-C3CDCE9B4EBF}
		{6C424C93-3E04-4BF2-B80D-A5B6EC265034} = {5BDCCE99-64F6-426B-A6EB-C3CDCE9B4EBF}
		{DAA1386B-5DCB-4A7B-B5F6-D64FB1037A57} = {5BDCCE99-64F6-426B-A6EB-C3CDCE9B4EBF}
		{5CC8545B-8624-42D7-A4D2-6764AC703937} = {5BDCCE99-64F6-426B-A6EB-C3CDCE9B4EBF}
		{71B2F95E-BA85-481F-8408-7AB41974526F} = {5BDCCE99-64F6-426B-A6EB-C3CDCE9B4EBF}
		{3E150833-EE25-4490-9002-825EDBA5CD38} = {5BDCCE99-64F6-426B-A6EB-C3CDCE9B4EBF}
		{AE55B31A-1BCE-42C7-98D9-1F463FCE6DC5} = {5BDCCE99-64F6-426B-A6EB-C3CDCE9B4EBF}
		{479C0404-1509-460E-8CEC-D073DD9F77A1} = {5BDCCE99-64F6-426B-A6EB-C3CDCE9B4EBF}
		{5F2A2172-9C11-40B2-922C-DCA8D55BF3E7} = {5BDCCE99-64F6-426B-A6EB-C3CDCE9B4EBF}
		{555CCDCC-F608-4E4C-8581-D67A31AAB833} = {5BDCCE99-64F6-426B-A6EB-C3CDCE9B4EBF}
		{8BAE5FBE-52B2-4562-9B0D-4AD8F8FDD248} = {5BDCCE99-64F6-426B-A6EB-C3CDCE9B4EBF}
		{85DB96E7-6ACC-4EDF-B091-FCD6F6800590} = {5BDCCE99-64F6-426B-A6EB-C3CDCE9B4EBF}
		{EBBD40CE-60F8-4A7F-A307-11BFB5295909} = {5BDCCE99-64F6-426B-A6EB-C3CDCE9B4EBF}
		{60FFB377-450C-4F89-BF7F-A53B789EE339} = {5BDCCE99-64F6-426B-A6EB-C3CDCE9B4EBF}
		{8F95B783-D50E-40B8-B47E-CBB85ED4E20A} = {5BDCCE99-64F6-426B-A6EB-C3CDCE9B4EBF}
	EndGlobalSection
	GlobalSection(SolutionConfigurationPlatforms) = preSolution
		Debug|Any CPU = Debug|Any CPU
		Release|Any CPU = Release|Any CPU
	EndGlobalSection
	GlobalSection(ProjectConfigurationPlatforms) = postSolution
		{11BFF7ED-C95D-4D3A-98CD-33922ADBA5EC}.Debug|Any CPU.ActiveCfg = Debug|Any CPU
		{11BFF7ED-C95D-4D3A-98CD-33922ADBA5EC}.Debug|Any CPU.Build.0 = Debug|Any CPU
		{11BFF7ED-C95D-4D3A-98CD-33922ADBA5EC}.Release|Any CPU.ActiveCfg = Release|Any CPU
		{11BFF7ED-C95D-4D3A-98CD-33922ADBA5EC}.Release|Any CPU.Build.0 = Release|Any CPU
		{37EF2B59-E70D-4D4A-9C0A-A0B8BF6F39DC}.Debug|Any CPU.ActiveCfg = Debug|Any CPU
		{37EF2B59-E70D-4D4A-9C0A-A0B8BF6F39DC}.Debug|Any CPU.Build.0 = Debug|Any CPU
		{37EF2B59-E70D-4D4A-9C0A-A0B8BF6F39DC}.Release|Any CPU.ActiveCfg = Release|Any CPU
		{37EF2B59-E70D-4D4A-9C0A-A0B8BF6F39DC}.Release|Any CPU.Build.0 = Release|Any CPU
		{692A51F9-3954-4688-ACA0-008CC8754EB8}.Debug|Any CPU.ActiveCfg = Debug|Any CPU
		{692A51F9-3954-4688-ACA0-008CC8754EB8}.Debug|Any CPU.Build.0 = Debug|Any CPU
		{692A51F9-3954-4688-ACA0-008CC8754EB8}.Release|Any CPU.ActiveCfg = Release|Any CPU
		{692A51F9-3954-4688-ACA0-008CC8754EB8}.Release|Any CPU.Build.0 = Release|Any CPU
		{8EDF9113-1779-4F59-95E0-81078BD38474}.Debug|Any CPU.ActiveCfg = Debug|Any CPU
		{8EDF9113-1779-4F59-95E0-81078BD38474}.Debug|Any CPU.Build.0 = Debug|Any CPU
		{8EDF9113-1779-4F59-95E0-81078BD38474}.Release|Any CPU.ActiveCfg = Release|Any CPU
		{8EDF9113-1779-4F59-95E0-81078BD38474}.Release|Any CPU.Build.0 = Release|Any CPU
		{15911D03-83DB-44CE-893D-4646F99477AA}.Debug|Any CPU.ActiveCfg = Debug|Any CPU
		{15911D03-83DB-44CE-893D-4646F99477AA}.Debug|Any CPU.Build.0 = Debug|Any CPU
		{15911D03-83DB-44CE-893D-4646F99477AA}.Release|Any CPU.ActiveCfg = Release|Any CPU
		{15911D03-83DB-44CE-893D-4646F99477AA}.Release|Any CPU.Build.0 = Release|Any CPU
		{8000B477-825A-4A99-960C-E8CE483FF6EF}.Debug|Any CPU.ActiveCfg = Debug|Any CPU
		{8000B477-825A-4A99-960C-E8CE483FF6EF}.Debug|Any CPU.Build.0 = Debug|Any CPU
		{8000B477-825A-4A99-960C-E8CE483FF6EF}.Release|Any CPU.ActiveCfg = Release|Any CPU
		{8000B477-825A-4A99-960C-E8CE483FF6EF}.Release|Any CPU.Build.0 = Release|Any CPU
		{AD56E48E-8544-4DDF-BF35-90C0E782FFB8}.Debug|Any CPU.ActiveCfg = Debug|Any CPU
		{AD56E48E-8544-4DDF-BF35-90C0E782FFB8}.Debug|Any CPU.Build.0 = Debug|Any CPU
		{AD56E48E-8544-4DDF-BF35-90C0E782FFB8}.Release|Any CPU.ActiveCfg = Release|Any CPU
		{AD56E48E-8544-4DDF-BF35-90C0E782FFB8}.Release|Any CPU.Build.0 = Release|Any CPU
		{EA7E30B5-D73F-4994-9896-F40362FC061A}.Debug|Any CPU.ActiveCfg = Debug|Any CPU
		{EA7E30B5-D73F-4994-9896-F40362FC061A}.Debug|Any CPU.Build.0 = Debug|Any CPU
		{EA7E30B5-D73F-4994-9896-F40362FC061A}.Release|Any CPU.ActiveCfg = Release|Any CPU
		{EA7E30B5-D73F-4994-9896-F40362FC061A}.Release|Any CPU.Build.0 = Release|Any CPU
		{D7FC8ED1-B642-415F-A57D-800BC85EC5BB}.Debug|Any CPU.ActiveCfg = Debug|Any CPU
		{D7FC8ED1-B642-415F-A57D-800BC85EC5BB}.Debug|Any CPU.Build.0 = Debug|Any CPU
		{D7FC8ED1-B642-415F-A57D-800BC85EC5BB}.Release|Any CPU.ActiveCfg = Release|Any CPU
		{D7FC8ED1-B642-415F-A57D-800BC85EC5BB}.Release|Any CPU.Build.0 = Release|Any CPU
		{F8B5E38E-C682-421A-A1E5-054669AA8DF8}.Debug|Any CPU.ActiveCfg = Debug|Any CPU
		{F8B5E38E-C682-421A-A1E5-054669AA8DF8}.Debug|Any CPU.Build.0 = Debug|Any CPU
		{F8B5E38E-C682-421A-A1E5-054669AA8DF8}.Release|Any CPU.ActiveCfg = Release|Any CPU
		{F8B5E38E-C682-421A-A1E5-054669AA8DF8}.Release|Any CPU.Build.0 = Release|Any CPU
		{9B047B3A-C33C-4786-B4C6-BADB58321159}.Debug|Any CPU.ActiveCfg = Debug|Any CPU
		{9B047B3A-C33C-4786-B4C6-BADB58321159}.Debug|Any CPU.Build.0 = Debug|Any CPU
		{9B047B3A-C33C-4786-B4C6-BADB58321159}.Release|Any CPU.ActiveCfg = Release|Any CPU
		{9B047B3A-C33C-4786-B4C6-BADB58321159}.Release|Any CPU.Build.0 = Release|Any CPU
		{73C4A0D1-FA83-47D1-8AFE-F30A8D959AD6}.Debug|Any CPU.ActiveCfg = Debug|Any CPU
		{73C4A0D1-FA83-47D1-8AFE-F30A8D959AD6}.Debug|Any CPU.Build.0 = Debug|Any CPU
		{73C4A0D1-FA83-47D1-8AFE-F30A8D959AD6}.Release|Any CPU.ActiveCfg = Release|Any CPU
		{73C4A0D1-FA83-47D1-8AFE-F30A8D959AD6}.Release|Any CPU.Build.0 = Release|Any CPU
		{019BC42B-77DD-4385-A539-2D2F1CE82167}.Debug|Any CPU.ActiveCfg = Debug|Any CPU
		{019BC42B-77DD-4385-A539-2D2F1CE82167}.Debug|Any CPU.Build.0 = Debug|Any CPU
		{019BC42B-77DD-4385-A539-2D2F1CE82167}.Release|Any CPU.ActiveCfg = Release|Any CPU
		{019BC42B-77DD-4385-A539-2D2F1CE82167}.Release|Any CPU.Build.0 = Release|Any CPU
		{B7185188-091F-4A17-BA75-9D1A43F99074}.Debug|Any CPU.ActiveCfg = Debug|Any CPU
		{B7185188-091F-4A17-BA75-9D1A43F99074}.Debug|Any CPU.Build.0 = Debug|Any CPU
		{B7185188-091F-4A17-BA75-9D1A43F99074}.Release|Any CPU.ActiveCfg = Release|Any CPU
		{B7185188-091F-4A17-BA75-9D1A43F99074}.Release|Any CPU.Build.0 = Release|Any CPU
		{D751ED3E-7EDC-41D5-8A21-884A75328D66}.Debug|Any CPU.ActiveCfg = Debug|Any CPU
		{D751ED3E-7EDC-41D5-8A21-884A75328D66}.Debug|Any CPU.Build.0 = Debug|Any CPU
		{D751ED3E-7EDC-41D5-8A21-884A75328D66}.Release|Any CPU.ActiveCfg = Release|Any CPU
		{D751ED3E-7EDC-41D5-8A21-884A75328D66}.Release|Any CPU.Build.0 = Release|Any CPU
		{9AD587E6-A532-4E23-850C-968FFDB6AF0C}.Debug|Any CPU.ActiveCfg = Debug|Any CPU
		{9AD587E6-A532-4E23-850C-968FFDB6AF0C}.Debug|Any CPU.Build.0 = Debug|Any CPU
		{9AD587E6-A532-4E23-850C-968FFDB6AF0C}.Release|Any CPU.ActiveCfg = Release|Any CPU
		{9AD587E6-A532-4E23-850C-968FFDB6AF0C}.Release|Any CPU.Build.0 = Release|Any CPU
		{A3ADB764-58AA-4F8E-B948-4BE225659E90}.Debug|Any CPU.ActiveCfg = Debug|Any CPU
		{A3ADB764-58AA-4F8E-B948-4BE225659E90}.Debug|Any CPU.Build.0 = Debug|Any CPU
		{A3ADB764-58AA-4F8E-B948-4BE225659E90}.Release|Any CPU.ActiveCfg = Release|Any CPU
		{A3ADB764-58AA-4F8E-B948-4BE225659E90}.Release|Any CPU.Build.0 = Release|Any CPU
		{4D26EEC3-EFF8-4133-8012-502A8F775FDB}.Debug|Any CPU.ActiveCfg = Debug|Any CPU
		{4D26EEC3-EFF8-4133-8012-502A8F775FDB}.Debug|Any CPU.Build.0 = Debug|Any CPU
		{4D26EEC3-EFF8-4133-8012-502A8F775FDB}.Release|Any CPU.ActiveCfg = Release|Any CPU
		{4D26EEC3-EFF8-4133-8012-502A8F775FDB}.Release|Any CPU.Build.0 = Release|Any CPU
		{02B04C5E-8F0E-4A69-A7EB-E682B5B8408E}.Debug|Any CPU.ActiveCfg = Debug|Any CPU
		{02B04C5E-8F0E-4A69-A7EB-E682B5B8408E}.Debug|Any CPU.Build.0 = Debug|Any CPU
		{02B04C5E-8F0E-4A69-A7EB-E682B5B8408E}.Release|Any CPU.ActiveCfg = Release|Any CPU
		{02B04C5E-8F0E-4A69-A7EB-E682B5B8408E}.Release|Any CPU.Build.0 = Release|Any CPU
		{6265C2D3-DCB7-4691-ACF1-005AE5B81138}.Debug|Any CPU.ActiveCfg = Debug|Any CPU
		{6265C2D3-DCB7-4691-ACF1-005AE5B81138}.Debug|Any CPU.Build.0 = Debug|Any CPU
		{6265C2D3-DCB7-4691-ACF1-005AE5B81138}.Release|Any CPU.ActiveCfg = Release|Any CPU
		{6265C2D3-DCB7-4691-ACF1-005AE5B81138}.Release|Any CPU.Build.0 = Release|Any CPU
		{19236A69-63A3-4C2D-B2B4-34C3F3DF6ED1}.Debug|Any CPU.ActiveCfg = Debug|Any CPU
		{19236A69-63A3-4C2D-B2B4-34C3F3DF6ED1}.Debug|Any CPU.Build.0 = Debug|Any CPU
		{19236A69-63A3-4C2D-B2B4-34C3F3DF6ED1}.Release|Any CPU.ActiveCfg = Release|Any CPU
		{19236A69-63A3-4C2D-B2B4-34C3F3DF6ED1}.Release|Any CPU.Build.0 = Release|Any CPU
		{9795C7C7-5BC1-4586-A061-00ADB93D4737}.Debug|Any CPU.ActiveCfg = Debug|Any CPU
		{9795C7C7-5BC1-4586-A061-00ADB93D4737}.Debug|Any CPU.Build.0 = Debug|Any CPU
		{9795C7C7-5BC1-4586-A061-00ADB93D4737}.Release|Any CPU.ActiveCfg = Release|Any CPU
		{9795C7C7-5BC1-4586-A061-00ADB93D4737}.Release|Any CPU.Build.0 = Release|Any CPU
		{644ADC2B-CAC4-4B0D-90C9-32E8C1DC71BD}.Debug|Any CPU.ActiveCfg = Debug|Any CPU
		{644ADC2B-CAC4-4B0D-90C9-32E8C1DC71BD}.Debug|Any CPU.Build.0 = Debug|Any CPU
		{644ADC2B-CAC4-4B0D-90C9-32E8C1DC71BD}.Release|Any CPU.ActiveCfg = Release|Any CPU
		{644ADC2B-CAC4-4B0D-90C9-32E8C1DC71BD}.Release|Any CPU.Build.0 = Release|Any CPU
		{23DA527B-EBB1-4EAB-A1B6-8D7FC57605D3}.Debug|Any CPU.ActiveCfg = Debug|Any CPU
		{23DA527B-EBB1-4EAB-A1B6-8D7FC57605D3}.Debug|Any CPU.Build.0 = Debug|Any CPU
		{23DA527B-EBB1-4EAB-A1B6-8D7FC57605D3}.Release|Any CPU.ActiveCfg = Release|Any CPU
		{23DA527B-EBB1-4EAB-A1B6-8D7FC57605D3}.Release|Any CPU.Build.0 = Release|Any CPU
		{24A775CA-970E-424F-9750-B4FD16700985}.Debug|Any CPU.ActiveCfg = Debug|Any CPU
		{24A775CA-970E-424F-9750-B4FD16700985}.Debug|Any CPU.Build.0 = Debug|Any CPU
		{24A775CA-970E-424F-9750-B4FD16700985}.Release|Any CPU.ActiveCfg = Release|Any CPU
		{24A775CA-970E-424F-9750-B4FD16700985}.Release|Any CPU.Build.0 = Release|Any CPU
		{A247CC84-D78E-4282-9165-657958150862}.Debug|Any CPU.ActiveCfg = Debug|Any CPU
		{A247CC84-D78E-4282-9165-657958150862}.Debug|Any CPU.Build.0 = Debug|Any CPU
		{A247CC84-D78E-4282-9165-657958150862}.Release|Any CPU.ActiveCfg = Release|Any CPU
		{A247CC84-D78E-4282-9165-657958150862}.Release|Any CPU.Build.0 = Release|Any CPU
		{C922734A-7F80-4086-B8C2-F5771C31858C}.Debug|Any CPU.ActiveCfg = Debug|Any CPU
		{C922734A-7F80-4086-B8C2-F5771C31858C}.Debug|Any CPU.Build.0 = Debug|Any CPU
		{C922734A-7F80-4086-B8C2-F5771C31858C}.Release|Any CPU.ActiveCfg = Release|Any CPU
		{C922734A-7F80-4086-B8C2-F5771C31858C}.Release|Any CPU.Build.0 = Release|Any CPU
		{B697EEEB-3427-4363-90C6-C40740BF0F85}.Debug|Any CPU.ActiveCfg = Debug|Any CPU
		{B697EEEB-3427-4363-90C6-C40740BF0F85}.Debug|Any CPU.Build.0 = Debug|Any CPU
		{B697EEEB-3427-4363-90C6-C40740BF0F85}.Release|Any CPU.ActiveCfg = Release|Any CPU
		{B697EEEB-3427-4363-90C6-C40740BF0F85}.Release|Any CPU.Build.0 = Release|Any CPU
		{2EE6DF97-CA36-4470-BCC8-26A756E9BAA5}.Debug|Any CPU.ActiveCfg = Debug|Any CPU
		{2EE6DF97-CA36-4470-BCC8-26A756E9BAA5}.Debug|Any CPU.Build.0 = Debug|Any CPU
		{2EE6DF97-CA36-4470-BCC8-26A756E9BAA5}.Release|Any CPU.ActiveCfg = Release|Any CPU
		{2EE6DF97-CA36-4470-BCC8-26A756E9BAA5}.Release|Any CPU.Build.0 = Release|Any CPU
		{E56FCA87-F19D-4882-9EBB-3467B9A94887}.Debug|Any CPU.ActiveCfg = Debug|Any CPU
		{E56FCA87-F19D-4882-9EBB-3467B9A94887}.Debug|Any CPU.Build.0 = Debug|Any CPU
		{E56FCA87-F19D-4882-9EBB-3467B9A94887}.Release|Any CPU.ActiveCfg = Release|Any CPU
		{E56FCA87-F19D-4882-9EBB-3467B9A94887}.Release|Any CPU.Build.0 = Release|Any CPU
		{760D05F3-B0D3-41D7-B34F-7C624F6A1CBA}.Debug|Any CPU.ActiveCfg = Debug|Any CPU
		{760D05F3-B0D3-41D7-B34F-7C624F6A1CBA}.Debug|Any CPU.Build.0 = Debug|Any CPU
		{760D05F3-B0D3-41D7-B34F-7C624F6A1CBA}.Release|Any CPU.ActiveCfg = Release|Any CPU
		{760D05F3-B0D3-41D7-B34F-7C624F6A1CBA}.Release|Any CPU.Build.0 = Release|Any CPU
		{716254F9-7664-42F2-A942-573819076A00}.Debug|Any CPU.ActiveCfg = Debug|Any CPU
		{716254F9-7664-42F2-A942-573819076A00}.Debug|Any CPU.Build.0 = Debug|Any CPU
		{716254F9-7664-42F2-A942-573819076A00}.Release|Any CPU.ActiveCfg = Release|Any CPU
		{716254F9-7664-42F2-A942-573819076A00}.Release|Any CPU.Build.0 = Release|Any CPU
		{49D7A11C-CCD7-4ABB-9A53-7CFCB4A08FF4}.Debug|Any CPU.ActiveCfg = Debug|Any CPU
		{49D7A11C-CCD7-4ABB-9A53-7CFCB4A08FF4}.Debug|Any CPU.Build.0 = Debug|Any CPU
		{49D7A11C-CCD7-4ABB-9A53-7CFCB4A08FF4}.Release|Any CPU.ActiveCfg = Release|Any CPU
		{49D7A11C-CCD7-4ABB-9A53-7CFCB4A08FF4}.Release|Any CPU.Build.0 = Release|Any CPU
		{CA65E50F-7179-4263-81EE-F9E31E710AE8}.Debug|Any CPU.ActiveCfg = Debug|Any CPU
		{CA65E50F-7179-4263-81EE-F9E31E710AE8}.Debug|Any CPU.Build.0 = Debug|Any CPU
		{CA65E50F-7179-4263-81EE-F9E31E710AE8}.Release|Any CPU.ActiveCfg = Release|Any CPU
		{CA65E50F-7179-4263-81EE-F9E31E710AE8}.Release|Any CPU.Build.0 = Release|Any CPU
		{8A39A10F-9CBF-48BF-92F4-D483F86B791A}.Debug|Any CPU.ActiveCfg = Debug|Any CPU
		{8A39A10F-9CBF-48BF-92F4-D483F86B791A}.Debug|Any CPU.Build.0 = Debug|Any CPU
		{8A39A10F-9CBF-48BF-92F4-D483F86B791A}.Release|Any CPU.ActiveCfg = Release|Any CPU
		{8A39A10F-9CBF-48BF-92F4-D483F86B791A}.Release|Any CPU.Build.0 = Release|Any CPU
		{18D6A97E-BC98-4C3A-9AD7-CF7092F1C5B7}.Debug|Any CPU.ActiveCfg = Debug|Any CPU
		{18D6A97E-BC98-4C3A-9AD7-CF7092F1C5B7}.Debug|Any CPU.Build.0 = Debug|Any CPU
		{18D6A97E-BC98-4C3A-9AD7-CF7092F1C5B7}.Release|Any CPU.ActiveCfg = Release|Any CPU
		{18D6A97E-BC98-4C3A-9AD7-CF7092F1C5B7}.Release|Any CPU.Build.0 = Release|Any CPU
		{12BD78D7-7565-466D-9D7F-8E885FE85FA9}.Debug|Any CPU.ActiveCfg = Debug|Any CPU
		{12BD78D7-7565-466D-9D7F-8E885FE85FA9}.Debug|Any CPU.Build.0 = Debug|Any CPU
		{12BD78D7-7565-466D-9D7F-8E885FE85FA9}.Release|Any CPU.ActiveCfg = Release|Any CPU
		{12BD78D7-7565-466D-9D7F-8E885FE85FA9}.Release|Any CPU.Build.0 = Release|Any CPU
		{A6B823F3-1C32-4B05-AD97-4AD0164A3BE5}.Debug|Any CPU.ActiveCfg = Debug|Any CPU
		{A6B823F3-1C32-4B05-AD97-4AD0164A3BE5}.Debug|Any CPU.Build.0 = Debug|Any CPU
		{A6B823F3-1C32-4B05-AD97-4AD0164A3BE5}.Release|Any CPU.ActiveCfg = Release|Any CPU
		{A6B823F3-1C32-4B05-AD97-4AD0164A3BE5}.Release|Any CPU.Build.0 = Release|Any CPU
		{984F94C4-D469-4820-9824-E854283880A3}.Debug|Any CPU.ActiveCfg = Debug|Any CPU
		{984F94C4-D469-4820-9824-E854283880A3}.Debug|Any CPU.Build.0 = Debug|Any CPU
		{984F94C4-D469-4820-9824-E854283880A3}.Release|Any CPU.ActiveCfg = Release|Any CPU
		{984F94C4-D469-4820-9824-E854283880A3}.Release|Any CPU.Build.0 = Release|Any CPU
		{390BA8FA-04D0-4F34-B569-ED858E58E875}.Debug|Any CPU.ActiveCfg = Debug|Any CPU
		{390BA8FA-04D0-4F34-B569-ED858E58E875}.Debug|Any CPU.Build.0 = Debug|Any CPU
		{390BA8FA-04D0-4F34-B569-ED858E58E875}.Release|Any CPU.ActiveCfg = Release|Any CPU
		{390BA8FA-04D0-4F34-B569-ED858E58E875}.Release|Any CPU.Build.0 = Release|Any CPU
		{FF04D166-D1C4-4C7D-9732-8FB483C154D5}.Debug|Any CPU.ActiveCfg = Debug|Any CPU
		{FF04D166-D1C4-4C7D-9732-8FB483C154D5}.Debug|Any CPU.Build.0 = Debug|Any CPU
		{FF04D166-D1C4-4C7D-9732-8FB483C154D5}.Release|Any CPU.ActiveCfg = Release|Any CPU
		{FF04D166-D1C4-4C7D-9732-8FB483C154D5}.Release|Any CPU.Build.0 = Release|Any CPU
		{7F91FFC9-37B5-4589-B838-59D79FBD1E7E}.Debug|Any CPU.ActiveCfg = Debug|Any CPU
		{7F91FFC9-37B5-4589-B838-59D79FBD1E7E}.Debug|Any CPU.Build.0 = Debug|Any CPU
		{7F91FFC9-37B5-4589-B838-59D79FBD1E7E}.Release|Any CPU.ActiveCfg = Release|Any CPU
		{7F91FFC9-37B5-4589-B838-59D79FBD1E7E}.Release|Any CPU.Build.0 = Release|Any CPU
		{09168793-0E75-4E12-9E7A-3CFF88643882}.Debug|Any CPU.ActiveCfg = Debug|Any CPU
		{09168793-0E75-4E12-9E7A-3CFF88643882}.Debug|Any CPU.Build.0 = Debug|Any CPU
		{09168793-0E75-4E12-9E7A-3CFF88643882}.Release|Any CPU.ActiveCfg = Release|Any CPU
		{09168793-0E75-4E12-9E7A-3CFF88643882}.Release|Any CPU.Build.0 = Release|Any CPU
		{451335CC-02E1-4A5F-B40B-A410515990BC}.Debug|Any CPU.ActiveCfg = Debug|Any CPU
		{451335CC-02E1-4A5F-B40B-A410515990BC}.Debug|Any CPU.Build.0 = Debug|Any CPU
		{451335CC-02E1-4A5F-B40B-A410515990BC}.Release|Any CPU.ActiveCfg = Release|Any CPU
		{451335CC-02E1-4A5F-B40B-A410515990BC}.Release|Any CPU.Build.0 = Release|Any CPU
		{B27ECF90-DC36-4D61-9DE2-8844545FC652}.Debug|Any CPU.ActiveCfg = Debug|Any CPU
		{B27ECF90-DC36-4D61-9DE2-8844545FC652}.Debug|Any CPU.Build.0 = Debug|Any CPU
		{B27ECF90-DC36-4D61-9DE2-8844545FC652}.Release|Any CPU.ActiveCfg = Release|Any CPU
		{B27ECF90-DC36-4D61-9DE2-8844545FC652}.Release|Any CPU.Build.0 = Release|Any CPU
		{4A6DE972-1352-446D-A4F5-EEE4B064C298}.Debug|Any CPU.ActiveCfg = Debug|Any CPU
		{4A6DE972-1352-446D-A4F5-EEE4B064C298}.Debug|Any CPU.Build.0 = Debug|Any CPU
		{4A6DE972-1352-446D-A4F5-EEE4B064C298}.Release|Any CPU.ActiveCfg = Release|Any CPU
		{4A6DE972-1352-446D-A4F5-EEE4B064C298}.Release|Any CPU.Build.0 = Release|Any CPU
		{6C424C93-3E04-4BF2-B80D-A5B6EC265034}.Debug|Any CPU.ActiveCfg = Debug|Any CPU
		{6C424C93-3E04-4BF2-B80D-A5B6EC265034}.Debug|Any CPU.Build.0 = Debug|Any CPU
		{6C424C93-3E04-4BF2-B80D-A5B6EC265034}.Release|Any CPU.ActiveCfg = Release|Any CPU
		{6C424C93-3E04-4BF2-B80D-A5B6EC265034}.Release|Any CPU.Build.0 = Release|Any CPU
		{DAA1386B-5DCB-4A7B-B5F6-D64FB1037A57}.Debug|Any CPU.ActiveCfg = Debug|Any CPU
		{DAA1386B-5DCB-4A7B-B5F6-D64FB1037A57}.Debug|Any CPU.Build.0 = Debug|Any CPU
		{DAA1386B-5DCB-4A7B-B5F6-D64FB1037A57}.Release|Any CPU.ActiveCfg = Release|Any CPU
		{DAA1386B-5DCB-4A7B-B5F6-D64FB1037A57}.Release|Any CPU.Build.0 = Release|Any CPU
		{5CC8545B-8624-42D7-A4D2-6764AC703937}.Debug|Any CPU.ActiveCfg = Debug|Any CPU
		{5CC8545B-8624-42D7-A4D2-6764AC703937}.Debug|Any CPU.Build.0 = Debug|Any CPU
		{5CC8545B-8624-42D7-A4D2-6764AC703937}.Release|Any CPU.ActiveCfg = Release|Any CPU
		{5CC8545B-8624-42D7-A4D2-6764AC703937}.Release|Any CPU.Build.0 = Release|Any CPU
		{71B2F95E-BA85-481F-8408-7AB41974526F}.Debug|Any CPU.ActiveCfg = Debug|Any CPU
		{71B2F95E-BA85-481F-8408-7AB41974526F}.Debug|Any CPU.Build.0 = Debug|Any CPU
		{71B2F95E-BA85-481F-8408-7AB41974526F}.Release|Any CPU.ActiveCfg = Release|Any CPU
		{71B2F95E-BA85-481F-8408-7AB41974526F}.Release|Any CPU.Build.0 = Release|Any CPU
		{3E150833-EE25-4490-9002-825EDBA5CD38}.Debug|Any CPU.ActiveCfg = Debug|Any CPU
		{3E150833-EE25-4490-9002-825EDBA5CD38}.Debug|Any CPU.Build.0 = Debug|Any CPU
		{3E150833-EE25-4490-9002-825EDBA5CD38}.Release|Any CPU.ActiveCfg = Release|Any CPU
		{3E150833-EE25-4490-9002-825EDBA5CD38}.Release|Any CPU.Build.0 = Release|Any CPU
		{AE55B31A-1BCE-42C7-98D9-1F463FCE6DC5}.Debug|Any CPU.ActiveCfg = Debug|Any CPU
		{AE55B31A-1BCE-42C7-98D9-1F463FCE6DC5}.Debug|Any CPU.Build.0 = Debug|Any CPU
		{AE55B31A-1BCE-42C7-98D9-1F463FCE6DC5}.Release|Any CPU.ActiveCfg = Release|Any CPU
		{AE55B31A-1BCE-42C7-98D9-1F463FCE6DC5}.Release|Any CPU.Build.0 = Release|Any CPU
		{479C0404-1509-460E-8CEC-D073DD9F77A1}.Debug|Any CPU.ActiveCfg = Debug|Any CPU
		{479C0404-1509-460E-8CEC-D073DD9F77A1}.Debug|Any CPU.Build.0 = Debug|Any CPU
		{479C0404-1509-460E-8CEC-D073DD9F77A1}.Release|Any CPU.ActiveCfg = Release|Any CPU
		{479C0404-1509-460E-8CEC-D073DD9F77A1}.Release|Any CPU.Build.0 = Release|Any CPU
		{5F2A2172-9C11-40B2-922C-DCA8D55BF3E7}.Debug|Any CPU.ActiveCfg = Debug|Any CPU
		{5F2A2172-9C11-40B2-922C-DCA8D55BF3E7}.Debug|Any CPU.Build.0 = Debug|Any CPU
		{5F2A2172-9C11-40B2-922C-DCA8D55BF3E7}.Release|Any CPU.ActiveCfg = Release|Any CPU
		{5F2A2172-9C11-40B2-922C-DCA8D55BF3E7}.Release|Any CPU.Build.0 = Release|Any CPU
		{555CCDCC-F608-4E4C-8581-D67A31AAB833}.Debug|Any CPU.ActiveCfg = Debug|Any CPU
		{555CCDCC-F608-4E4C-8581-D67A31AAB833}.Debug|Any CPU.Build.0 = Debug|Any CPU
		{555CCDCC-F608-4E4C-8581-D67A31AAB833}.Release|Any CPU.ActiveCfg = Release|Any CPU
		{555CCDCC-F608-4E4C-8581-D67A31AAB833}.Release|Any CPU.Build.0 = Release|Any CPU
		{8BAE5FBE-52B2-4562-9B0D-4AD8F8FDD248}.Debug|Any CPU.ActiveCfg = Debug|Any CPU
		{8BAE5FBE-52B2-4562-9B0D-4AD8F8FDD248}.Debug|Any CPU.Build.0 = Debug|Any CPU
		{8BAE5FBE-52B2-4562-9B0D-4AD8F8FDD248}.Release|Any CPU.ActiveCfg = Release|Any CPU
		{8BAE5FBE-52B2-4562-9B0D-4AD8F8FDD248}.Release|Any CPU.Build.0 = Release|Any CPU
		{85DB96E7-6ACC-4EDF-B091-FCD6F6800590}.Debug|Any CPU.ActiveCfg = Debug|Any CPU
		{85DB96E7-6ACC-4EDF-B091-FCD6F6800590}.Debug|Any CPU.Build.0 = Debug|Any CPU
		{85DB96E7-6ACC-4EDF-B091-FCD6F6800590}.Release|Any CPU.ActiveCfg = Release|Any CPU
		{85DB96E7-6ACC-4EDF-B091-FCD6F6800590}.Release|Any CPU.Build.0 = Release|Any CPU
		{EBBD40CE-60F8-4A7F-A307-11BFB5295909}.Debug|Any CPU.ActiveCfg = Debug|Any CPU
		{EBBD40CE-60F8-4A7F-A307-11BFB5295909}.Debug|Any CPU.Build.0 = Debug|Any CPU
		{EBBD40CE-60F8-4A7F-A307-11BFB5295909}.Release|Any CPU.ActiveCfg = Release|Any CPU
		{EBBD40CE-60F8-4A7F-A307-11BFB5295909}.Release|Any CPU.Build.0 = Release|Any CPU
		{60FFB377-450C-4F89-BF7F-A53B789EE339}.Debug|Any CPU.ActiveCfg = Debug|Any CPU
		{60FFB377-450C-4F89-BF7F-A53B789EE339}.Debug|Any CPU.Build.0 = Debug|Any CPU
		{60FFB377-450C-4F89-BF7F-A53B789EE339}.Release|Any CPU.ActiveCfg = Release|Any CPU
		{60FFB377-450C-4F89-BF7F-A53B789EE339}.Release|Any CPU.Build.0 = Release|Any CPU
		{8F95B783-D50E-40B8-B47E-CBB85ED4E20A}.Debug|Any CPU.ActiveCfg = Debug|Any CPU
		{8F95B783-D50E-40B8-B47E-CBB85ED4E20A}.Debug|Any CPU.Build.0 = Debug|Any CPU
		{8F95B783-D50E-40B8-B47E-CBB85ED4E20A}.Release|Any CPU.ActiveCfg = Release|Any CPU
		{8F95B783-D50E-40B8-B47E-CBB85ED4E20A}.Release|Any CPU.Build.0 = Release|Any CPU
		{D6FDEAE0-1372-4FF0-966C-25DFCD4463E3}.Debug|Any CPU.ActiveCfg = Debug|Any CPU
		{D6FDEAE0-1372-4FF0-966C-25DFCD4463E3}.Debug|Any CPU.Build.0 = Debug|Any CPU
		{D6FDEAE0-1372-4FF0-966C-25DFCD4463E3}.Release|Any CPU.ActiveCfg = Release|Any CPU
		{D6FDEAE0-1372-4FF0-966C-25DFCD4463E3}.Release|Any CPU.Build.0 = Release|Any CPU
	EndGlobalSection
	GlobalSection(SolutionProperties) = preSolution
		HideSolutionNode = FALSE
	EndGlobalSection
	GlobalSection(ExtensibilityGlobals) = postSolution
		SolutionGuid = {93B9FB5A-91FB-4632-9FCE-F1120BF8A1F3}
	EndGlobalSection
EndGlobal
